<?xml version="1.0" encoding="utf-8"?>
<Project ToolsVersion="4.0" xmlns="http://schemas.microsoft.com/developer/msbuild/2003">
  <ItemGroup>
    <Filter Include="소스 파일">
      <UniqueIdentifier>{4FC737F1-C7A5-4376-A066-2A32D752A2FF}</UniqueIdentifier>
      <Extensions>cpp;c;cc;cxx;c++;cppm;ixx;def;odl;idl;hpj;bat;asm;asmx</Extensions>
    </Filter>
    <Filter Include="헤더 파일">
      <UniqueIdentifier>{93995380-89BD-4b04-88EB-625FBE52EBFB}</UniqueIdentifier>
      <Extensions>h;hh;hpp;hxx;h++;hm;inl;inc;ipp;xsd</Extensions>
    </Filter>
    <Filter Include="리소스 파일">
      <UniqueIdentifier>{67DA6AB6-F800-4c08-8B7A-83BB121AAD01}</UniqueIdentifier>
      <Extensions>rc;ico;cur;bmp;dlg;rc2;rct;bin;rgs;gif;jpg;jpeg;jpe;resx;tiff;tif;png;wav;mfcribbon-ms</Extensions>
    </Filter>
    <Filter Include="LIN">
      <UniqueIdentifier>{6443c7f5-3ea4-4179-be6d-792959cb03bb}</UniqueIdentifier>
    </Filter>
    <Filter Include="ChartApi">
      <UniqueIdentifier>{10e4ec3d-69d9-489f-9bd6-47d79531d61d}</UniqueIdentifier>
    </Filter>
  </ItemGroup>
  <ItemGroup>
    <ClInclude Include="LIN_Project.h">
      <Filter>헤더 파일</Filter>
    </ClInclude>
    <ClInclude Include="LIN_ProjectDlg.h">
      <Filter>헤더 파일</Filter>
    </ClInclude>
    <ClInclude Include="framework.h">
      <Filter>헤더 파일</Filter>
    </ClInclude>
    <ClInclude Include="targetver.h">
      <Filter>헤더 파일</Filter>
    </ClInclude>
    <ClInclude Include="Resource.h">
      <Filter>헤더 파일</Filter>
    </ClInclude>
    <ClInclude Include="pch.h">
      <Filter>헤더 파일</Filter>
    </ClInclude>
    <ClInclude Include="PLinApi.h">
      <Filter>LIN</Filter>
    </ClInclude>
    <ClInclude Include="StdClass.h">
      <Filter>헤더 파일</Filter>
    </ClInclude>
    <ClInclude Include="ChartApi\ChartAxis.h">
      <Filter>ChartApi</Filter>
    </ClInclude>
    <ClInclude Include="ChartApi\ChartAxisLabel.h">
      <Filter>ChartApi</Filter>
    </ClInclude>
    <ClInclude Include="ChartApi\ChartBalloonLabel.h">
      <Filter>ChartApi</Filter>
    </ClInclude>
    <ClInclude Include="ChartApi\ChartBarSerie.h">
      <Filter>ChartApi</Filter>
    </ClInclude>
    <ClInclude Include="ChartApi\ChartCandlestickSerie.h">
      <Filter>ChartApi</Filter>
    </ClInclude>
    <ClInclude Include="ChartApi\ChartCrossHairCursor.h">
      <Filter>ChartApi</Filter>
    </ClInclude>
    <ClInclude Include="ChartApi\ChartCtrl.h">
      <Filter>ChartApi</Filter>
    </ClInclude>
    <ClInclude Include="ChartApi\ChartCursor.h">
      <Filter>ChartApi</Filter>
    </ClInclude>
    <ClInclude Include="ChartApi\ChartDateTimeAxis.h">
      <Filter>ChartApi</Filter>
    </ClInclude>
    <ClInclude Include="ChartApi\ChartDragLineCursor.h">
      <Filter>ChartApi</Filter>
    </ClInclude>
    <ClInclude Include="ChartApi\ChartFont.h">
      <Filter>ChartApi</Filter>
    </ClInclude>
    <ClInclude Include="ChartApi\ChartGanttSerie.h">
      <Filter>ChartApi</Filter>
    </ClInclude>
    <ClInclude Include="ChartApi\ChartGradient.h">
      <Filter>ChartApi</Filter>
    </ClInclude>
    <ClInclude Include="ChartApi\ChartGrid.h">
      <Filter>ChartApi</Filter>
    </ClInclude>
    <ClInclude Include="ChartApi\ChartLabel.h">
      <Filter>ChartApi</Filter>
    </ClInclude>
    <ClInclude Include="ChartApi\ChartLegend.h">
      <Filter>ChartApi</Filter>
    </ClInclude>
    <ClInclude Include="ChartApi\ChartLineSerie.h">
      <Filter>ChartApi</Filter>
    </ClInclude>
    <ClInclude Include="ChartApi\ChartLogarithmicAxis.h">
      <Filter>ChartApi</Filter>
    </ClInclude>
    <ClInclude Include="ChartApi\ChartMouseListener.h">
      <Filter>ChartApi</Filter>
    </ClInclude>
    <ClInclude Include="ChartApi\ChartPointsArray.h">
      <Filter>ChartApi</Filter>
    </ClInclude>
    <ClInclude Include="ChartApi\ChartPointsSerie.h">
      <Filter>ChartApi</Filter>
    </ClInclude>
    <ClInclude Include="ChartApi\ChartScrollBar.h">
      <Filter>ChartApi</Filter>
    </ClInclude>
    <ClInclude Include="ChartApi\ChartSerie.h">
      <Filter>ChartApi</Filter>
    </ClInclude>
    <ClInclude Include="ChartApi\ChartSerieBase.h">
      <Filter>ChartApi</Filter>
    </ClInclude>
    <ClInclude Include="ChartApi\ChartSeriesMouseListener.h">
      <Filter>ChartApi</Filter>
    </ClInclude>
    <ClInclude Include="ChartApi\ChartStandardAxis.h">
      <Filter>ChartApi</Filter>
    </ClInclude>
    <ClInclude Include="ChartApi\ChartString.h">
      <Filter>ChartApi</Filter>
    </ClInclude>
    <ClInclude Include="ChartApi\ChartSurfaceSerie.h">
      <Filter>ChartApi</Filter>
    </ClInclude>
    <ClInclude Include="ChartApi\ChartTitle.h">
      <Filter>ChartApi</Filter>
    </ClInclude>
    <ClInclude Include="ChartApi\ChartXYSerie.h">
      <Filter>ChartApi</Filter>
    </ClInclude>
    <ClInclude Include="ChartApi\PointsOrdering.h">
      <Filter>ChartApi</Filter>
    </ClInclude>
  </ItemGroup>
  <ItemGroup>
    <ClCompile Include="LIN_Project.cpp">
      <Filter>소스 파일</Filter>
    </ClCompile>
    <ClCompile Include="LIN_ProjectDlg.cpp">
      <Filter>소스 파일</Filter>
    </ClCompile>
    <ClCompile Include="pch.cpp">
      <Filter>소스 파일</Filter>
    </ClCompile>
    <ClCompile Include="StdClass.cpp">
      <Filter>소스 파일</Filter>
    </ClCompile>
    <ClCompile Include="ChartApi\ChartAxis.cpp">
      <Filter>ChartApi</Filter>
    </ClCompile>
    <ClCompile Include="ChartApi\ChartAxisLabel.cpp">
      <Filter>ChartApi</Filter>
    </ClCompile>
    <ClCompile Include="ChartApi\ChartBarSerie.cpp">
      <Filter>ChartApi</Filter>
    </ClCompile>
    <ClCompile Include="ChartApi\ChartCandlestickSerie.cpp">
      <Filter>ChartApi</Filter>
    </ClCompile>
    <ClCompile Include="ChartApi\ChartCrossHairCursor.cpp">
      <Filter>ChartApi</Filter>
    </ClCompile>
    <ClCompile Include="ChartApi\ChartCtrl.cpp">
      <Filter>ChartApi</Filter>
    </ClCompile>
    <ClCompile Include="ChartApi\ChartCursor.cpp">
      <Filter>ChartApi</Filter>
    </ClCompile>
    <ClCompile Include="ChartApi\ChartDateTimeAxis.cpp">
      <Filter>ChartApi</Filter>
    </ClCompile>
    <ClCompile Include="ChartApi\ChartDragLineCursor.cpp">
      <Filter>ChartApi</Filter>
    </ClCompile>
    <ClCompile Include="ChartApi\ChartFont.cpp">
      <Filter>ChartApi</Filter>
    </ClCompile>
    <ClCompile Include="ChartApi\ChartGanttSerie.cpp">
      <Filter>ChartApi</Filter>
    </ClCompile>
    <ClCompile Include="ChartApi\ChartGradient.cpp">
      <Filter>ChartApi</Filter>
    </ClCompile>
    <ClCompile Include="ChartApi\ChartGrid.cpp">
      <Filter>ChartApi</Filter>
    </ClCompile>
    <ClCompile Include="ChartApi\ChartLegend.cpp">
      <Filter>ChartApi</Filter>
    </ClCompile>
    <ClCompile Include="ChartApi\ChartLineSerie.cpp">
      <Filter>ChartApi</Filter>
    </ClCompile>
    <ClCompile Include="ChartApi\ChartLogarithmicAxis.cpp">
      <Filter>ChartApi</Filter>
    </ClCompile>
    <ClCompile Include="ChartApi\ChartPointsSerie.cpp">
      <Filter>ChartApi</Filter>
    </ClCompile>
    <ClCompile Include="ChartApi\ChartScrollBar.cpp">
      <Filter>ChartApi</Filter>
    </ClCompile>
    <ClCompile Include="ChartApi\ChartSerie.cpp">
      <Filter>ChartApi</Filter>
    </ClCompile>
    <ClCompile Include="ChartApi\ChartStandardAxis.cpp">
      <Filter>ChartApi</Filter>
    </ClCompile>
    <ClCompile Include="ChartApi\ChartSurfaceSerie.cpp">
      <Filter>ChartApi</Filter>
    </ClCompile>
    <ClCompile Include="ChartApi\ChartTitle.cpp">
      <Filter>ChartApi</Filter>
    </ClCompile>
    <ClCompile Include="ChartApi\ChartXYSerie.cpp">
      <Filter>ChartApi</Filter>
    </ClCompile>
  </ItemGroup>
  <ItemGroup>
    <ResourceCompile Include="LINProject.rc">
      <Filter>리소스 파일</Filter>
    </ResourceCompile>
  </ItemGroup>
  <ItemGroup>
    <None Include="res\LINProject.rc2">
      <Filter>리소스 파일</Filter>
    </None>
    <None Include="PLinApi.dll">
      <Filter>LIN</Filter>
    </None>
    <None Include="ChartApi\ChartBalloonLabel.inl">
      <Filter>ChartApi</Filter>
    </None>
    <None Include="ChartApi\ChartLabel.inl">
      <Filter>ChartApi</Filter>
    </None>
    <None Include="ChartApi\ChartPointsArray.inl">
      <Filter>ChartApi</Filter>
    </None>
    <None Include="ChartApi\ChartSerieBase.inl">
      <Filter>ChartApi</Filter>
    </None>
  </ItemGroup>
  <ItemGroup>
    <Image Include="res\LIN_Project.ico">
      <Filter>리소스 파일</Filter>
    </Image>
    <Image Include="res\icon1.ico">
      <Filter>리소스 파일</Filter>
    </Image>
  </ItemGroup>
  <ItemGroup>
    <Library Include="PLinApi.lib">
      <Filter>LIN</Filter>
    </Library>
  </ItemGroup>
</Project>